
Microsoft Visual Studio Solution File, Format Version 12.00
# Visual Studio Version 16
VisualStudioVersion = 16.0.31729.503
MinimumVisualStudioVersion = 10.0.40219.1
Project("{9A19103F-16F7-4668-BE54-9A1E7A4F7556}") = "FizzBuzz", "FizBuzz\FizzBuzz.csproj", "{257B3C42-018C-4268-92F8-C4E79B8279D2}"
EndProject
Project("{9A19103F-16F7-4668-BE54-9A1E7A4F7556}") = "FizzBuzzTests", "FizzBuzzTests\FizzBuzzTests.csproj", "{AD36EA84-3AFE-48FE-8B72-D2D8956AE3FC}"
EndProject
Global
	GlobalSection(SolutionConfigurationPlatforms) = preSolution
		Debug|Any CPU = Debug|Any CPU
		Release|Any CPU = Release|Any CPU
	EndGlobalSection
	GlobalSection(ProjectConfigurationPlatforms) = postSolution
		{257B3C42-018C-4268-92F8-C4E79B8279D2}.Debug|Any CPU.ActiveCfg = Debug|Any CPU
		{257B3C42-018C-4268-92F8-C4E79B8279D2}.Debug|Any CPU.Build.0 = Debug|Any CPU
		{257B3C42-018C-4268-92F8-C4E79B8279D2}.Release|Any CPU.ActiveCfg = Release|Any CPU
		{257B3C42-018C-4268-92F8-C4E79B8279D2}.Release|Any CPU.Build.0 = Release|Any CPU
		{AD36EA84-3AFE-48FE-8B72-D2D8956AE3FC}.Debug|Any CPU.ActiveCfg = Debug|Any CPU
		{AD36EA84-3AFE-48FE-8B72-D2D8956AE3FC}.Debug|Any CPU.Build.0 = Debug|Any CPU
		{AD36EA84-3AFE-48FE-8B72-D2D8956AE3FC}.Release|Any CPU.ActiveCfg = Release|Any CPU
		{AD36EA84-3AFE-48FE-8B72-D2D8956AE3FC}.Release|Any CPU.Build.0 = Release|Any CPU
	EndGlobalSection
	GlobalSection(SolutionProperties) = preSolution
		HideSolutionNode = FALSE
	EndGlobalSection
	GlobalSection(ExtensibilityGlobals) = postSolution
		SolutionGuid = {9D8E36E5-749C-4245-BBDA-9650AFF63923}
	EndGlobalSection
EndGlobal
